
Microsoft Visual Studio Solution File, Format Version 12.00
# Visual Studio Version 17
VisualStudioVersion = 17.5.002.0
MinimumVisualStudioVersion = 10.0.40219.1
Project("{9A19103F-16F7-4668-BE54-9A1E7A4F7556}") = "ClassEmployee", "ClassEmployee\ClassEmployee.csproj", "{8034661A-C53A-40C1-9623-9A8136434E53}"
EndProject
Project("{9A19103F-16F7-4668-BE54-9A1E7A4F7556}") = "Models", "Models\Models.csproj", "{B2AC6564-C36D-4D6C-81DC-0FA6B6EF4668}"
EndProject
Project("{9A19103F-16F7-4668-BE54-9A1E7A4F7556}") = "NewApp", "NewApp\NewApp.csproj", "{42D269F9-2666-42E1-8E7B-A8ED7E9B446B}"
EndProject
Project("{9A19103F-16F7-4668-BE54-9A1E7A4F7556}") = "khaibaobien", "program\khaibaobien.csproj", "{5B440D6E-8D98-42D6-A36B-EFE8F3559F2C}"
EndProject
Project("{2150E333-8FDC-42A3-9474-1A3956D46DE8}") = "NewApp (1)", "NewApp", "{24EC4FAF-D50C-46A4-BDB6-9C7075E93EAD}"
EndProject
Project("{9A19103F-16F7-4668-BE54-9A1E7A4F7556}") = "Employee", "NewApp\Employee\Employee.csproj", "{D933F499-4C9D-4A13-861F-8233B69961FB}"
EndProject
Global
	GlobalSection(SolutionConfigurationPlatforms) = preSolution
		Debug|Any CPU = Debug|Any CPU
		Release|Any CPU = Release|Any CPU
	EndGlobalSection
	GlobalSection(ProjectConfigurationPlatforms) = postSolution
		{8034661A-C53A-40C1-9623-9A8136434E53}.Debug|Any CPU.ActiveCfg = Debug|Any CPU
		{8034661A-C53A-40C1-9623-9A8136434E53}.Debug|Any CPU.Build.0 = Debug|Any CPU
		{8034661A-C53A-40C1-9623-9A8136434E53}.Release|Any CPU.ActiveCfg = Release|Any CPU
		{8034661A-C53A-40C1-9623-9A8136434E53}.Release|Any CPU.Build.0 = Release|Any CPU
		{B2AC6564-C36D-4D6C-81DC-0FA6B6EF4668}.Debug|Any CPU.ActiveCfg = Debug|Any CPU
		{B2AC6564-C36D-4D6C-81DC-0FA6B6EF4668}.Debug|Any CPU.Build.0 = Debug|Any CPU
		{B2AC6564-C36D-4D6C-81DC-0FA6B6EF4668}.Release|Any CPU.ActiveCfg = Release|Any CPU
		{B2AC6564-C36D-4D6C-81DC-0FA6B6EF4668}.Release|Any CPU.Build.0 = Release|Any CPU
		{42D269F9-2666-42E1-8E7B-A8ED7E9B446B}.Debug|Any CPU.ActiveCfg = Debug|Any CPU
		{42D269F9-2666-42E1-8E7B-A8ED7E9B446B}.Debug|Any CPU.Build.0 = Debug|Any CPU
		{42D269F9-2666-42E1-8E7B-A8ED7E9B446B}.Release|Any CPU.ActiveCfg = Release|Any CPU
		{42D269F9-2666-42E1-8E7B-A8ED7E9B446B}.Release|Any CPU.Build.0 = Release|Any CPU
		{5B440D6E-8D98-42D6-A36B-EFE8F3559F2C}.Debug|Any CPU.ActiveCfg = Debug|Any CPU
		{5B440D6E-8D98-42D6-A36B-EFE8F3559F2C}.Debug|Any CPU.Build.0 = Debug|Any CPU
		{5B440D6E-8D98-42D6-A36B-EFE8F3559F2C}.Release|Any CPU.ActiveCfg = Release|Any CPU
		{5B440D6E-8D98-42D6-A36B-EFE8F3559F2C}.Release|Any CPU.Build.0 = Release|Any CPU
		{D933F499-4C9D-4A13-861F-8233B69961FB}.Debug|Any CPU.ActiveCfg = Debug|Any CPU
		{D933F499-4C9D-4A13-861F-8233B69961FB}.Debug|Any CPU.Build.0 = Debug|Any CPU
		{D933F499-4C9D-4A13-861F-8233B69961FB}.Release|Any CPU.ActiveCfg = Release|Any CPU
		{D933F499-4C9D-4A13-861F-8233B69961FB}.Release|Any CPU.Build.0 = Release|Any CPU
	EndGlobalSection
	GlobalSection(SolutionProperties) = preSolution
		HideSolutionNode = FALSE
	EndGlobalSection
	GlobalSection(NestedProjects) = preSolution
		{D933F499-4C9D-4A13-861F-8233B69961FB} = {24EC4FAF-D50C-46A4-BDB6-9C7075E93EAD}
	EndGlobalSection
	GlobalSection(ExtensibilityGlobals) = postSolution
		SolutionGuid = {661C73D2-888A-411B-B6AA-B64F827EC87D}
	EndGlobalSection
EndGlobal
